
Microsoft Visual Studio Solution File, Format Version 12.00
# Visual Studio Version 17
VisualStudioVersion = 17.4.33213.308
MinimumVisualStudioVersion = 10.0.40219.1
Project("{FAE04EC0-301F-11D3-BF4B-00C04F79EFBC}") = "MailSetup", "MailSetup.csproj", "{7BD4D185-2765-4042-B4C4-5DF6247B10EC}"
EndProject
Project("{FAE04EC0-301F-11D3-BF4B-00C04F79EFBC}") = "MailSetupApi", "..\MailSetupApi\MailSetupApi.csproj", "{AB7D74E0-4D71-4165-A1EC-C56B03417023}"
EndProject
Global
	GlobalSection(SolutionConfigurationPlatforms) = preSolution
		Debug|Any CPU = Debug|Any CPU
		Release|Any CPU = Release|Any CPU
	EndGlobalSection
	GlobalSection(ProjectConfigurationPlatforms) = postSolution
		{7BD4D185-2765-4042-B4C4-5DF6247B10EC}.Debug|Any CPU.ActiveCfg = Debug|Any CPU
		{7BD4D185-2765-4042-B4C4-5DF6247B10EC}.Debug|Any CPU.Build.0 = Debug|Any CPU
		{7BD4D185-2765-4042-B4C4-5DF6247B10EC}.Release|Any CPU.ActiveCfg = Release|Any CPU
		{7BD4D185-2765-4042-B4C4-5DF6247B10EC}.Release|Any CPU.Build.0 = Release|Any CPU
		{AB7D74E0-4D71-4165-A1EC-C56B03417023}.Debug|Any CPU.ActiveCfg = Debug|Any CPU
		{AB7D74E0-4D71-4165-A1EC-C56B03417023}.Debug|Any CPU.Build.0 = Debug|Any CPU
		{AB7D74E0-4D71-4165-A1EC-C56B03417023}.Release|Any CPU.ActiveCfg = Release|Any CPU
		{AB7D74E0-4D71-4165-A1EC-C56B03417023}.Release|Any CPU.Build.0 = Release|Any CPU
	EndGlobalSection
	GlobalSection(SolutionProperties) = preSolution
		HideSolutionNode = FALSE
	EndGlobalSection
	GlobalSection(ExtensibilityGlobals) = postSolution
		SolutionGuid = {2D8FB32E-E3BA-4C4A-A047-0CAE1549D4F4}
	EndGlobalSection
EndGlobal
